# This file is generated by running "yarn install" inside your project.
# Manual changes might be lost - proceed with caution!

__metadata:
  version: 6
  cacheKey: 8

"@codemirror/autocomplete@npm:^6.0.0, @codemirror/autocomplete@npm:^6.3.2":
  version: 6.9.0
  resolution: "@codemirror/autocomplete@npm:6.9.0"
  dependencies:
    "@codemirror/language": ^6.0.0
    "@codemirror/state": ^6.0.0
    "@codemirror/view": ^6.6.0
    "@lezer/common": ^1.0.0
  peerDependencies:
    "@codemirror/language": ^6.0.0
    "@codemirror/state": ^6.0.0
    "@codemirror/view": ^6.0.0
    "@lezer/common": ^1.0.0
  checksum: a5f661944c75f40b02c90a193c9a459c0fd7e335c0ac5973420c19157dfb46010f573c2b70731591fe477e7a2ad10121ff3ae394a72d450946d7b886c28b0368
  languageName: node
  linkType: hard

"@codemirror/commands@npm:^6.0.0, @codemirror/commands@npm:^6.2.5":
  version: 6.2.5
  resolution: "@codemirror/commands@npm:6.2.5"
  dependencies:
    "@codemirror/language": ^6.0.0
    "@codemirror/state": ^6.2.0
    "@codemirror/view": ^6.0.0
    "@lezer/common": ^1.0.0
  checksum: 6d373bcfd4337160243e1493c8703a8e367e208811742331679a6410a3645de36ae8a5664e11790fec521137b45f34d703e9292932a98c4de10139510f3f29a3
  languageName: node
  linkType: hard

"@codemirror/lang-python@npm:^6.1.3":
  version: 6.1.3
  resolution: "@codemirror/lang-python@npm:6.1.3"
  dependencies:
    "@codemirror/autocomplete": ^6.3.2
    "@codemirror/language": ^6.8.0
    "@lezer/python": ^1.1.4
  checksum: 65a0276a4503e4e3b70dd28d1c93ef472632b6d2c4bf3ae92d305d14ee8cf60b0bbbf62d5ceb51294de9598d9e2d42eafcde26f317ee7b90d0a11dfa863c1d1a
  languageName: node
  linkType: hard

"@codemirror/language@npm:^6.0.0, @codemirror/language@npm:^6.8.0, @codemirror/language@npm:^6.9.0":
  version: 6.9.0
  resolution: "@codemirror/language@npm:6.9.0"
  dependencies:
    "@codemirror/state": ^6.0.0
    "@codemirror/view": ^6.0.0
    "@lezer/common": ^1.0.0
    "@lezer/highlight": ^1.0.0
    "@lezer/lr": ^1.0.0
    style-mod: ^4.0.0
  checksum: 9a897fb0f569159eeafb7dce83061b425af7244bbeae2649e0e677488548b2a02eaf0c13c0c5b4d59da55e8866e6f4dc7abe3dfaa09c13749a2fa2c0dbc0c565
  languageName: node
  linkType: hard

"@codemirror/lint@npm:^6.0.0":
  version: 6.4.1
  resolution: "@codemirror/lint@npm:6.4.1"
  dependencies:
    "@codemirror/state": ^6.0.0
    "@codemirror/view": ^6.0.0
    crelt: ^1.0.5
  checksum: ac8120ca96b5ef57abd2705b2620c15c7449b5056bca87053480e244c6772863e1537387a863cfb784f9f2af2c8b30be78a31660d96a815672059085beb51fd5
  languageName: node
  linkType: hard

"@codemirror/search@npm:^6.0.0":
  version: 6.5.2
  resolution: "@codemirror/search@npm:6.5.2"
  dependencies:
    "@codemirror/state": ^6.0.0
    "@codemirror/view": ^6.0.0
    crelt: ^1.0.5
  checksum: bc535151277fda0a370ac496b9b0d5751fd91bd8e3eb29dafbfe6bf3125dc450a7e361ebc302f0ebc4193ac337bdf555ab3d5ec753dbb44452225618a5630dd3
  languageName: node
  linkType: hard

"@codemirror/state@npm:^6.0.0, @codemirror/state@npm:^6.1.4, @codemirror/state@npm:^6.2.0, @codemirror/state@npm:^6.2.1":
  version: 6.2.1
  resolution: "@codemirror/state@npm:6.2.1"
  checksum: d12a321d0471b264b9d3259042bff913a8b939e8d28d408ff452004538a71ca9d5329df3f8a1d8a9183f5b42a7ef5b200737bcab1065714f5ae8e0a5ba9d59d3
  languageName: node
  linkType: hard

"@codemirror/view@npm:^6.0.0, @codemirror/view@npm:^6.18.0, @codemirror/view@npm:^6.6.0":
  version: 6.18.0
  resolution: "@codemirror/view@npm:6.18.0"
  dependencies:
    "@codemirror/state": ^6.1.4
    style-mod: ^4.1.0
    w3c-keyname: ^2.2.4
  checksum: 275bf5898e884297f16f73e4dff1b520a196a5f7724fbeda634a927e7f4036f6786e816b124505942de99800fb66c538307e8c08e55234ad57483f1a009e3d35
  languageName: node
  linkType: hard

"@lezer/common@npm:^1.0.0, @lezer/common@npm:^1.0.4":
  version: 1.0.4
  resolution: "@lezer/common@npm:1.0.4"
  checksum: 0bea82da76e0b89afad4e5159d3add460022916352c47906ec67b26d6fe5ec9cb8e23df0e2bf0adef765ae78bed1706fc573a11506d01a80112a5b6dd317730c
  languageName: node
  linkType: hard

"@lezer/highlight@npm:^1.0.0":
  version: 1.1.6
  resolution: "@lezer/highlight@npm:1.1.6"
  dependencies:
    "@lezer/common": ^1.0.0
  checksum: 411a702394c4c996b7d7f145a38f3a85a8cc698b3918acc7121c629255bb76d4ab383753f69009e011dc415210c6acbbb5b27bde613259ab67e600b29397b03b
  languageName: node
  linkType: hard

"@lezer/lr@npm:^1.0.0":
  version: 1.3.10
  resolution: "@lezer/lr@npm:1.3.10"
  dependencies:
    "@lezer/common": ^1.0.0
  checksum: 9d3c22bf692561cf7fe2f3d14e821913f87116ff9d73b8b550e7998b6135baae9f504563846a4257e1bb4eae97ae1b60c06c6066450ddeef5e03e8783526b2ae
  languageName: node
  linkType: hard

"@lezer/python@npm:^1.1.4":
  version: 1.1.8
  resolution: "@lezer/python@npm:1.1.8"
  dependencies:
    "@lezer/highlight": ^1.0.0
    "@lezer/lr": ^1.0.0
  checksum: e4a4e0b0fd871acff25111d4f767944b5015479776504b85c4431859c8a2859fdfa6362f204f3027cf9858c7ea907fd57244852a18b67da9eba3b2fe38d31b03
  languageName: node
  linkType: hard

"codemirror@npm:^6.0.1":
  version: 6.0.1
  resolution: "codemirror@npm:6.0.1"
  dependencies:
    "@codemirror/autocomplete": ^6.0.0
    "@codemirror/commands": ^6.0.0
    "@codemirror/language": ^6.0.0
    "@codemirror/lint": ^6.0.0
    "@codemirror/search": ^6.0.0
    "@codemirror/state": ^6.0.0
    "@codemirror/view": ^6.0.0
  checksum: 1a78f7077ac5801bdbff162aa0c61bf2b974603c7e9a477198c3ce50c789af674a061d7c293c58b73807eda345c2b5228c38ad2aabb9319d552d5486f785cbef
  languageName: node
  linkType: hard

"crelt@npm:^1.0.5":
  version: 1.0.6
  resolution: "crelt@npm:1.0.6"
  checksum: dad842093371ad702afbc0531bfca2b0a8dd920b23a42f26e66dabbed9aad9acd5b9030496359545ef3937c3aced0fd4ac39f7a2d280a23ddf9eb7fdcb94a69f
  languageName: node
  linkType: hard

"root-workspace-0b6124@workspace:.":
  version: 0.0.0-use.local
  resolution: "root-workspace-0b6124@workspace:."
  dependencies:
    "@codemirror/commands": ^6.2.5
    "@codemirror/lang-python": ^6.1.3
    "@codemirror/language": ^6.9.0
    "@codemirror/state": ^6.2.1
    "@codemirror/view": ^6.18.0
    "@lezer/common": ^1.0.4
    codemirror: ^6.0.1
  languageName: unknown
  linkType: soft

"style-mod@npm:^4.0.0, style-mod@npm:^4.1.0":
  version: 4.1.0
  resolution: "style-mod@npm:4.1.0"
  checksum: 8402b14ca11113a3640d46b3cf7ba49f05452df7846bc5185a3535d9b6a64a3019e7fb636b59ccbb7816aeb0725b24723e77a85b05612a9360e419958e13b4e6
  languageName: node
  linkType: hard

"w3c-keyname@npm:^2.2.4":
  version: 2.2.8
  resolution: "w3c-keyname@npm:2.2.8"
  checksum: 95bafa4c04fa2f685a86ca1000069c1ec43ace1f8776c10f226a73296caeddd83f893db885c2c220ebeb6c52d424e3b54d7c0c1e963bbf204038ff1a944fbb07
  languageName: node
  linkType: hard
